
Microsoft Visual Studio Solution File, Format Version 12.00
# Visual Studio Version 16
VisualStudioVersion = 16.0.33927.289
MinimumVisualStudioVersion = 10.0.40219.1
Project("{FAE04EC0-301F-11D3-BF4B-00C04F79EFBC}") = "Tyuiu.AleevRI.Sprint6.Task0.V7.Lib", "Tyuiu.AleevRI.Sprint6.Task0.V7.Lib\Tyuiu.AleevRI.Sprint6.Task0.V7.Lib.csproj", "{CA2E4121-71AF-4AB5-BF41-85F384295BFA}"
EndProject
Project("{2150E333-8FDC-42A3-9474-1A3956D46DE8}") = "Task0", "Task0", "{3C732532-E848-4879-9939-8116BE96530A}"
EndProject
Project("{FAE04EC0-301F-11D3-BF4B-00C04F79EFBC}") = "Tyuiu.AleevRI.Sprint6.Task0.V7.Test", "Tyuiu.AleevRI.Sprint6.Task0.V7.Test\Tyuiu.AleevRI.Sprint6.Task0.V7.Test.csproj", "{122CC486-6FAE-4FD9-9C69-24AA12B9375C}"
EndProject
Project("{FAE04EC0-301F-11D3-BF4B-00C04F79EFBC}") = "Tyuiu.AleevRI.Sprint6.Task0.V7", "Tyuiu.AleevRI.Sprint6.Task0.V7\Tyuiu.AleevRI.Sprint6.Task0.V7.csproj", "{A274D6F2-C773-4FE7-A603-81A90046115C}"
EndProject
Global
	GlobalSection(SolutionConfigurationPlatforms) = preSolution
		Debug|Any CPU = Debug|Any CPU
		Release|Any CPU = Release|Any CPU
	EndGlobalSection
	GlobalSection(ProjectConfigurationPlatforms) = postSolution
		{CA2E4121-71AF-4AB5-BF41-85F384295BFA}.Debug|Any CPU.ActiveCfg = Debug|Any CPU
		{CA2E4121-71AF-4AB5-BF41-85F384295BFA}.Debug|Any CPU.Build.0 = Debug|Any CPU
		{CA2E4121-71AF-4AB5-BF41-85F384295BFA}.Release|Any CPU.ActiveCfg = Release|Any CPU
		{CA2E4121-71AF-4AB5-BF41-85F384295BFA}.Release|Any CPU.Build.0 = Release|Any CPU
		{122CC486-6FAE-4FD9-9C69-24AA12B9375C}.Debug|Any CPU.ActiveCfg = Debug|Any CPU
		{122CC486-6FAE-4FD9-9C69-24AA12B9375C}.Debug|Any CPU.Build.0 = Debug|Any CPU
		{122CC486-6FAE-4FD9-9C69-24AA12B9375C}.Release|Any CPU.ActiveCfg = Release|Any CPU
		{122CC486-6FAE-4FD9-9C69-24AA12B9375C}.Release|Any CPU.Build.0 = Release|Any CPU
		{A274D6F2-C773-4FE7-A603-81A90046115C}.Debug|Any CPU.ActiveCfg = Debug|Any CPU
		{A274D6F2-C773-4FE7-A603-81A90046115C}.Debug|Any CPU.Build.0 = Debug|Any CPU
		{A274D6F2-C773-4FE7-A603-81A90046115C}.Release|Any CPU.ActiveCfg = Release|Any CPU
		{A274D6F2-C773-4FE7-A603-81A90046115C}.Release|Any CPU.Build.0 = Release|Any CPU
	EndGlobalSection
	GlobalSection(SolutionProperties) = preSolution
		HideSolutionNode = FALSE
	EndGlobalSection
	GlobalSection(NestedProjects) = preSolution
		{CA2E4121-71AF-4AB5-BF41-85F384295BFA} = {3C732532-E848-4879-9939-8116BE96530A}
		{122CC486-6FAE-4FD9-9C69-24AA12B9375C} = {3C732532-E848-4879-9939-8116BE96530A}
		{A274D6F2-C773-4FE7-A603-81A90046115C} = {3C732532-E848-4879-9939-8116BE96530A}
	EndGlobalSection
	GlobalSection(ExtensibilityGlobals) = postSolution
		SolutionGuid = {14D16AD7-A382-4B40-9976-8990BADCEC15}
	EndGlobalSection
EndGlobal
