
Microsoft Visual Studio Solution File, Format Version 12.00
# Visual Studio Version 16
VisualStudioVersion = 16.0.33927.289
MinimumVisualStudioVersion = 10.0.40219.1
Project("{FAE04EC0-301F-11D3-BF4B-00C04F79EFBC}") = "Tyuiu.AleevRI.Sprint6.Task0.V7.Lib", "Tyuiu.AleevRI.Sprint6.Task0.V7.Lib\Tyuiu.AleevRI.Sprint6.Task0.V7.Lib.csproj", "{CA2E4121-71AF-4AB5-BF41-85F384295BFA}"
EndProject
Project("{2150E333-8FDC-42A3-9474-1A3956D46DE8}") = "Task0", "Task0", "{3C732532-E848-4879-9939-8116BE96530A}"
EndProject
Project("{FAE04EC0-301F-11D3-BF4B-00C04F79EFBC}") = "Tyuiu.AleevRI.Sprint6.Task0.V7.Test", "Tyuiu.AleevRI.Sprint6.Task0.V7.Test\Tyuiu.AleevRI.Sprint6.Task0.V7.Test.csproj", "{122CC486-6FAE-4FD9-9C69-24AA12B9375C}"
EndProject
Project("{FAE04EC0-301F-11D3-BF4B-00C04F79EFBC}") = "Tyuiu.AleevRI.Sprint6.Task0.V7", "Tyuiu.AleevRI.Sprint6.Task0.V7\Tyuiu.AleevRI.Sprint6.Task0.V7.csproj", "{A274D6F2-C773-4FE7-A603-81A90046115C}"
EndProject
Project("{2150E333-8FDC-42A3-9474-1A3956D46DE8}") = "Task1", "Task1", "{74FF9A81-11D9-4D89-894A-6D517B4D821A}"
EndProject
Project("{FAE04EC0-301F-11D3-BF4B-00C04F79EFBC}") = "Tyuiu.AleevRI.Sprint6.Task1.V5.Lib", "Tyuiu.AleevRI.Sprint6.Task1.V5.Lib\Tyuiu.AleevRI.Sprint6.Task1.V5.Lib.csproj", "{64ED8E23-5D30-4477-A250-926E31BFA721}"
EndProject
Project("{FAE04EC0-301F-11D3-BF4B-00C04F79EFBC}") = "Tyuiu.AleevRI.Sprint6.Task1.V5.Test", "Tyuiu.AleevRI.Sprint6.Task1.V5.Test\Tyuiu.AleevRI.Sprint6.Task1.V5.Test.csproj", "{63522C84-B483-4E5E-A290-CA2831D8A3E6}"
EndProject
Project("{FAE04EC0-301F-11D3-BF4B-00C04F79EFBC}") = "Tyuiu.AleevRI.Sprint6.Task1.V5", "Tyuiu.AleevRI.Sprint6.Task1.V5\Tyuiu.AleevRI.Sprint6.Task1.V5.csproj", "{D3655685-E563-461B-86A4-021AC0B10B26}"
EndProject
Project("{2150E333-8FDC-42A3-9474-1A3956D46DE8}") = "Task2", "Task2", "{EABF5568-1154-47D4-A86D-9E135A31AD10}"
EndProject
Project("{FAE04EC0-301F-11D3-BF4B-00C04F79EFBC}") = "Tyuiu.AleevRI.Sprint6.Task2.V3.Lib", "Tyuiu.AleevRI.Sprint6.Task2.V3.Lib\Tyuiu.AleevRI.Sprint6.Task2.V3.Lib.csproj", "{60F43494-E89A-4273-8B05-BC7A6E420E13}"
EndProject
Project("{FAE04EC0-301F-11D3-BF4B-00C04F79EFBC}") = "Tyuiu.AleevRI.Sprint6.Task2.V3.Test", "Tyuiu.AleevRI.Sprint6.Task2.V3.Test\Tyuiu.AleevRI.Sprint6.Task2.V3.Test.csproj", "{079273D1-F780-434C-9BF4-3DB585B81823}"
EndProject
Project("{FAE04EC0-301F-11D3-BF4B-00C04F79EFBC}") = "Tyuiu.AleevRI.Sprint6.Task2.V3", "Tyuiu.AleevRI.Sprint6.Task2.V3\Tyuiu.AleevRI.Sprint6.Task2.V3.csproj", "{DA616266-FF0E-463D-89EB-FC3C313841A6}"
EndProject
Project("{2150E333-8FDC-42A3-9474-1A3956D46DE8}") = "Task3", "Task3", "{B2467A3B-6972-493E-B8BA-DDD790911266}"
EndProject
Project("{FAE04EC0-301F-11D3-BF4B-00C04F79EFBC}") = "Tyuiu.AleevRI.Sprint6.Task3.V12.Lib", "Tyuiu.AleevRI.Sprint6.Task3.V12.Lib\Tyuiu.AleevRI.Sprint6.Task3.V12.Lib.csproj", "{C0B3331E-B98B-407E-8EED-A497DC7907C1}"
EndProject
Project("{FAE04EC0-301F-11D3-BF4B-00C04F79EFBC}") = "Tyuiu.AleevRI.Sprint6.Task3.V12.Test", "Tyuiu.AleevRI.Sprint6.Task3.V12.Test\Tyuiu.AleevRI.Sprint6.Task3.V12.Test.csproj", "{6828D347-C24E-46F9-B1BC-4878574D6070}"
EndProject
Project("{FAE04EC0-301F-11D3-BF4B-00C04F79EFBC}") = "Tyuiu.AleevRI.Sprint6.Task3.V12", "Tyuiu.AleevRI.Sprint6.Task3.V12\Tyuiu.AleevRI.Sprint6.Task3.V12.csproj", "{D3B068C7-DCB4-4A6B-AAF8-A392BDBAC36B}"
EndProject
Project("{2150E333-8FDC-42A3-9474-1A3956D46DE8}") = "Task4", "Task4", "{FA1CB2EA-0CD1-4825-B674-2C9056B144B0}"
EndProject
Project("{FAE04EC0-301F-11D3-BF4B-00C04F79EFBC}") = "Tyuiu.AleevRI.Sprint6.Task4.V17.Lib", "Tyuiu.AleevRI.Sprint6.Task4.V17.Lib\Tyuiu.AleevRI.Sprint6.Task4.V17.Lib.csproj", "{08773A8C-230D-4609-A3B9-83CB0384E578}"
EndProject
Project("{FAE04EC0-301F-11D3-BF4B-00C04F79EFBC}") = "Tyuiu.AleevRI.Sprint6.Task4.V17.Test", "Tyuiu.AleevRI.Sprint6.Task4.V17.Test\Tyuiu.AleevRI.Sprint6.Task4.V17.Test.csproj", "{5F5BFF90-AE09-4898-A730-D30128A3B3C3}"
EndProject
Project("{FAE04EC0-301F-11D3-BF4B-00C04F79EFBC}") = "Tyuiu.AleevRI.Sprint6.Task4.V17", "Tyuiu.AleevRI.Sprint6.Task4.V17\Tyuiu.AleevRI.Sprint6.Task4.V17.csproj", "{BE5A8BFD-A9D8-4D32-8CC9-4ADFDF7EFC57}"
EndProject
Project("{2150E333-8FDC-42A3-9474-1A3956D46DE8}") = "Task5", "Task5", "{9F5C31BC-0862-4C65-B8CB-29FD06760E29}"
EndProject
Project("{FAE04EC0-301F-11D3-BF4B-00C04F79EFBC}") = "Tyuiu.AleevRI.Sprint6.Task5.V24.Lib", "Tyuiu.AleevRI.Sprint6.Task5.V24.Lib\Tyuiu.AleevRI.Sprint6.Task5.V24.Lib.csproj", "{CC41D8A9-518A-456F-83A2-20A6E7CB3883}"
EndProject
Project("{FAE04EC0-301F-11D3-BF4B-00C04F79EFBC}") = "Tyuiu.AleevRI.Sprint6.Task5.V24.Test", "Tyuiu.AleevRI.Sprint6.Task5.V24.Test\Tyuiu.AleevRI.Sprint6.Task5.V24.Test.csproj", "{0858E7EF-42E1-4ECC-9F38-6DC20D9D7F9A}"
EndProject
Project("{FAE04EC0-301F-11D3-BF4B-00C04F79EFBC}") = "Tyuiu.AleevRI.Sprint6.Task5.V24", "Tyuiu.AleevRI.Sprint6.Task5.V24\Tyuiu.AleevRI.Sprint6.Task5.V24.csproj", "{5EB3A927-8180-4E8A-B0BE-7ACDD54E5BAB}"
EndProject
Project("{2150E333-8FDC-42A3-9474-1A3956D46DE8}") = "Task6", "Task6", "{F273B81E-2C2A-4968-B364-D1B249E6FAF9}"
EndProject
Project("{FAE04EC0-301F-11D3-BF4B-00C04F79EFBC}") = "Tyuiu.AleevRI.Sprint6.Task6.V2.Lib", "Tyuiu.AleevRI.Sprint6.Task6.V2.Lib\Tyuiu.AleevRI.Sprint6.Task6.V2.Lib.csproj", "{4955A445-7CEE-423C-83F4-C2F18E06C2E8}"
EndProject
Project("{FAE04EC0-301F-11D3-BF4B-00C04F79EFBC}") = "Tyuiu.AleevRI.Sprint6.Task6.V2.Test", "Tyuiu.AleevRI.Sprint6.Task6.V2.Test\Tyuiu.AleevRI.Sprint6.Task6.V2.Test.csproj", "{747155C9-2B19-40E3-A29F-2A4F0C8478A3}"
EndProject
Project("{FAE04EC0-301F-11D3-BF4B-00C04F79EFBC}") = "Tyuiu.AleevRI.Sprint6.Task6.V2", "Tyuiu.AleevRI.Sprint6.Task6.V2\Tyuiu.AleevRI.Sprint6.Task6.V2.csproj", "{659C3D76-A815-4F96-9E7D-E00713F9AB0E}"
EndProject
Project("{2150E333-8FDC-42A3-9474-1A3956D46DE8}") = "Task7", "Task7", "{55AE8FE6-3F37-4D72-BC96-F19D866E2BA4}"
EndProject
Project("{FAE04EC0-301F-11D3-BF4B-00C04F79EFBC}") = "Tyuiu.AleevRI.Sprint6.Task7.V22.Lib", "Tyuiu.AleevRI.Sprint6.Task7.V22.Lib\Tyuiu.AleevRI.Sprint6.Task7.V22.Lib.csproj", "{71D8BBAA-6428-4F8F-87C5-715C457BB09A}"
EndProject
Project("{FAE04EC0-301F-11D3-BF4B-00C04F79EFBC}") = "Tyuiu.AleevRI.Sprint6.Task7.V22.Test", "Tyuiu.AleevRI.Sprint6.Task7.V22.Test\Tyuiu.AleevRI.Sprint6.Task7.V22.Test.csproj", "{6132328D-62DF-4C86-A03A-25B04C58FBD3}"
EndProject
Project("{FAE04EC0-301F-11D3-BF4B-00C04F79EFBC}") = "Tyuiu.AleevRI.Sprint6.Task7.V22", "Tyuiu.AleevRI.Sprint6.Task7.V22\Tyuiu.AleevRI.Sprint6.Task7.V22.csproj", "{34FFEEA0-8963-4B84-BC8A-4A3DAD05B03B}"
EndProject
Global
	GlobalSection(SolutionConfigurationPlatforms) = preSolution
		Debug|Any CPU = Debug|Any CPU
		Release|Any CPU = Release|Any CPU
	EndGlobalSection
	GlobalSection(ProjectConfigurationPlatforms) = postSolution
		{CA2E4121-71AF-4AB5-BF41-85F384295BFA}.Debug|Any CPU.ActiveCfg = Debug|Any CPU
		{CA2E4121-71AF-4AB5-BF41-85F384295BFA}.Debug|Any CPU.Build.0 = Debug|Any CPU
		{CA2E4121-71AF-4AB5-BF41-85F384295BFA}.Release|Any CPU.ActiveCfg = Release|Any CPU
		{CA2E4121-71AF-4AB5-BF41-85F384295BFA}.Release|Any CPU.Build.0 = Release|Any CPU
		{122CC486-6FAE-4FD9-9C69-24AA12B9375C}.Debug|Any CPU.ActiveCfg = Debug|Any CPU
		{122CC486-6FAE-4FD9-9C69-24AA12B9375C}.Debug|Any CPU.Build.0 = Debug|Any CPU
		{122CC486-6FAE-4FD9-9C69-24AA12B9375C}.Release|Any CPU.ActiveCfg = Release|Any CPU
		{122CC486-6FAE-4FD9-9C69-24AA12B9375C}.Release|Any CPU.Build.0 = Release|Any CPU
		{A274D6F2-C773-4FE7-A603-81A90046115C}.Debug|Any CPU.ActiveCfg = Debug|Any CPU
		{A274D6F2-C773-4FE7-A603-81A90046115C}.Debug|Any CPU.Build.0 = Debug|Any CPU
		{A274D6F2-C773-4FE7-A603-81A90046115C}.Release|Any CPU.ActiveCfg = Release|Any CPU
		{A274D6F2-C773-4FE7-A603-81A90046115C}.Release|Any CPU.Build.0 = Release|Any CPU
		{64ED8E23-5D30-4477-A250-926E31BFA721}.Debug|Any CPU.ActiveCfg = Debug|Any CPU
		{64ED8E23-5D30-4477-A250-926E31BFA721}.Debug|Any CPU.Build.0 = Debug|Any CPU
		{64ED8E23-5D30-4477-A250-926E31BFA721}.Release|Any CPU.ActiveCfg = Release|Any CPU
		{64ED8E23-5D30-4477-A250-926E31BFA721}.Release|Any CPU.Build.0 = Release|Any CPU
		{63522C84-B483-4E5E-A290-CA2831D8A3E6}.Debug|Any CPU.ActiveCfg = Debug|Any CPU
		{63522C84-B483-4E5E-A290-CA2831D8A3E6}.Debug|Any CPU.Build.0 = Debug|Any CPU
		{63522C84-B483-4E5E-A290-CA2831D8A3E6}.Release|Any CPU.ActiveCfg = Release|Any CPU
		{63522C84-B483-4E5E-A290-CA2831D8A3E6}.Release|Any CPU.Build.0 = Release|Any CPU
		{D3655685-E563-461B-86A4-021AC0B10B26}.Debug|Any CPU.ActiveCfg = Debug|Any CPU
		{D3655685-E563-461B-86A4-021AC0B10B26}.Debug|Any CPU.Build.0 = Debug|Any CPU
		{D3655685-E563-461B-86A4-021AC0B10B26}.Release|Any CPU.ActiveCfg = Release|Any CPU
		{D3655685-E563-461B-86A4-021AC0B10B26}.Release|Any CPU.Build.0 = Release|Any CPU
		{60F43494-E89A-4273-8B05-BC7A6E420E13}.Debug|Any CPU.ActiveCfg = Debug|Any CPU
		{60F43494-E89A-4273-8B05-BC7A6E420E13}.Debug|Any CPU.Build.0 = Debug|Any CPU
		{60F43494-E89A-4273-8B05-BC7A6E420E13}.Release|Any CPU.ActiveCfg = Release|Any CPU
		{60F43494-E89A-4273-8B05-BC7A6E420E13}.Release|Any CPU.Build.0 = Release|Any CPU
		{079273D1-F780-434C-9BF4-3DB585B81823}.Debug|Any CPU.ActiveCfg = Debug|Any CPU
		{079273D1-F780-434C-9BF4-3DB585B81823}.Debug|Any CPU.Build.0 = Debug|Any CPU
		{079273D1-F780-434C-9BF4-3DB585B81823}.Release|Any CPU.ActiveCfg = Release|Any CPU
		{079273D1-F780-434C-9BF4-3DB585B81823}.Release|Any CPU.Build.0 = Release|Any CPU
		{DA616266-FF0E-463D-89EB-FC3C313841A6}.Debug|Any CPU.ActiveCfg = Debug|Any CPU
		{DA616266-FF0E-463D-89EB-FC3C313841A6}.Debug|Any CPU.Build.0 = Debug|Any CPU
		{DA616266-FF0E-463D-89EB-FC3C313841A6}.Release|Any CPU.ActiveCfg = Release|Any CPU
		{DA616266-FF0E-463D-89EB-FC3C313841A6}.Release|Any CPU.Build.0 = Release|Any CPU
		{C0B3331E-B98B-407E-8EED-A497DC7907C1}.Debug|Any CPU.ActiveCfg = Debug|Any CPU
		{C0B3331E-B98B-407E-8EED-A497DC7907C1}.Debug|Any CPU.Build.0 = Debug|Any CPU
		{C0B3331E-B98B-407E-8EED-A497DC7907C1}.Release|Any CPU.ActiveCfg = Release|Any CPU
		{C0B3331E-B98B-407E-8EED-A497DC7907C1}.Release|Any CPU.Build.0 = Release|Any CPU
		{6828D347-C24E-46F9-B1BC-4878574D6070}.Debug|Any CPU.ActiveCfg = Debug|Any CPU
		{6828D347-C24E-46F9-B1BC-4878574D6070}.Debug|Any CPU.Build.0 = Debug|Any CPU
		{6828D347-C24E-46F9-B1BC-4878574D6070}.Release|Any CPU.ActiveCfg = Release|Any CPU
		{6828D347-C24E-46F9-B1BC-4878574D6070}.Release|Any CPU.Build.0 = Release|Any CPU
		{D3B068C7-DCB4-4A6B-AAF8-A392BDBAC36B}.Debug|Any CPU.ActiveCfg = Debug|Any CPU
		{D3B068C7-DCB4-4A6B-AAF8-A392BDBAC36B}.Debug|Any CPU.Build.0 = Debug|Any CPU
		{D3B068C7-DCB4-4A6B-AAF8-A392BDBAC36B}.Release|Any CPU.ActiveCfg = Release|Any CPU
		{D3B068C7-DCB4-4A6B-AAF8-A392BDBAC36B}.Release|Any CPU.Build.0 = Release|Any CPU
		{08773A8C-230D-4609-A3B9-83CB0384E578}.Debug|Any CPU.ActiveCfg = Debug|Any CPU
		{08773A8C-230D-4609-A3B9-83CB0384E578}.Debug|Any CPU.Build.0 = Debug|Any CPU
		{08773A8C-230D-4609-A3B9-83CB0384E578}.Release|Any CPU.ActiveCfg = Release|Any CPU
		{08773A8C-230D-4609-A3B9-83CB0384E578}.Release|Any CPU.Build.0 = Release|Any CPU
		{5F5BFF90-AE09-4898-A730-D30128A3B3C3}.Debug|Any CPU.ActiveCfg = Debug|Any CPU
		{5F5BFF90-AE09-4898-A730-D30128A3B3C3}.Debug|Any CPU.Build.0 = Debug|Any CPU
		{5F5BFF90-AE09-4898-A730-D30128A3B3C3}.Release|Any CPU.ActiveCfg = Release|Any CPU
		{5F5BFF90-AE09-4898-A730-D30128A3B3C3}.Release|Any CPU.Build.0 = Release|Any CPU
		{BE5A8BFD-A9D8-4D32-8CC9-4ADFDF7EFC57}.Debug|Any CPU.ActiveCfg = Debug|Any CPU
		{BE5A8BFD-A9D8-4D32-8CC9-4ADFDF7EFC57}.Debug|Any CPU.Build.0 = Debug|Any CPU
		{BE5A8BFD-A9D8-4D32-8CC9-4ADFDF7EFC57}.Release|Any CPU.ActiveCfg = Release|Any CPU
		{BE5A8BFD-A9D8-4D32-8CC9-4ADFDF7EFC57}.Release|Any CPU.Build.0 = Release|Any CPU
		{CC41D8A9-518A-456F-83A2-20A6E7CB3883}.Debug|Any CPU.ActiveCfg = Debug|Any CPU
		{CC41D8A9-518A-456F-83A2-20A6E7CB3883}.Debug|Any CPU.Build.0 = Debug|Any CPU
		{CC41D8A9-518A-456F-83A2-20A6E7CB3883}.Release|Any CPU.ActiveCfg = Release|Any CPU
		{CC41D8A9-518A-456F-83A2-20A6E7CB3883}.Release|Any CPU.Build.0 = Release|Any CPU
		{0858E7EF-42E1-4ECC-9F38-6DC20D9D7F9A}.Debug|Any CPU.ActiveCfg = Debug|Any CPU
		{0858E7EF-42E1-4ECC-9F38-6DC20D9D7F9A}.Debug|Any CPU.Build.0 = Debug|Any CPU
		{0858E7EF-42E1-4ECC-9F38-6DC20D9D7F9A}.Release|Any CPU.ActiveCfg = Release|Any CPU
		{0858E7EF-42E1-4ECC-9F38-6DC20D9D7F9A}.Release|Any CPU.Build.0 = Release|Any CPU
		{5EB3A927-8180-4E8A-B0BE-7ACDD54E5BAB}.Debug|Any CPU.ActiveCfg = Debug|Any CPU
		{5EB3A927-8180-4E8A-B0BE-7ACDD54E5BAB}.Debug|Any CPU.Build.0 = Debug|Any CPU
		{5EB3A927-8180-4E8A-B0BE-7ACDD54E5BAB}.Release|Any CPU.ActiveCfg = Release|Any CPU
		{5EB3A927-8180-4E8A-B0BE-7ACDD54E5BAB}.Release|Any CPU.Build.0 = Release|Any CPU
		{4955A445-7CEE-423C-83F4-C2F18E06C2E8}.Debug|Any CPU.ActiveCfg = Debug|Any CPU
		{4955A445-7CEE-423C-83F4-C2F18E06C2E8}.Debug|Any CPU.Build.0 = Debug|Any CPU
		{4955A445-7CEE-423C-83F4-C2F18E06C2E8}.Release|Any CPU.ActiveCfg = Release|Any CPU
		{4955A445-7CEE-423C-83F4-C2F18E06C2E8}.Release|Any CPU.Build.0 = Release|Any CPU
		{747155C9-2B19-40E3-A29F-2A4F0C8478A3}.Debug|Any CPU.ActiveCfg = Debug|Any CPU
		{747155C9-2B19-40E3-A29F-2A4F0C8478A3}.Debug|Any CPU.Build.0 = Debug|Any CPU
		{747155C9-2B19-40E3-A29F-2A4F0C8478A3}.Release|Any CPU.ActiveCfg = Release|Any CPU
		{747155C9-2B19-40E3-A29F-2A4F0C8478A3}.Release|Any CPU.Build.0 = Release|Any CPU
		{659C3D76-A815-4F96-9E7D-E00713F9AB0E}.Debug|Any CPU.ActiveCfg = Debug|Any CPU
		{659C3D76-A815-4F96-9E7D-E00713F9AB0E}.Debug|Any CPU.Build.0 = Debug|Any CPU
		{659C3D76-A815-4F96-9E7D-E00713F9AB0E}.Release|Any CPU.ActiveCfg = Release|Any CPU
		{659C3D76-A815-4F96-9E7D-E00713F9AB0E}.Release|Any CPU.Build.0 = Release|Any CPU
		{71D8BBAA-6428-4F8F-87C5-715C457BB09A}.Debug|Any CPU.ActiveCfg = Debug|Any CPU
		{71D8BBAA-6428-4F8F-87C5-715C457BB09A}.Debug|Any CPU.Build.0 = Debug|Any CPU
		{71D8BBAA-6428-4F8F-87C5-715C457BB09A}.Release|Any CPU.ActiveCfg = Release|Any CPU
		{71D8BBAA-6428-4F8F-87C5-715C457BB09A}.Release|Any CPU.Build.0 = Release|Any CPU
		{6132328D-62DF-4C86-A03A-25B04C58FBD3}.Debug|Any CPU.ActiveCfg = Debug|Any CPU
		{6132328D-62DF-4C86-A03A-25B04C58FBD3}.Debug|Any CPU.Build.0 = Debug|Any CPU
		{6132328D-62DF-4C86-A03A-25B04C58FBD3}.Release|Any CPU.ActiveCfg = Release|Any CPU
		{6132328D-62DF-4C86-A03A-25B04C58FBD3}.Release|Any CPU.Build.0 = Release|Any CPU
		{34FFEEA0-8963-4B84-BC8A-4A3DAD05B03B}.Debug|Any CPU.ActiveCfg = Debug|Any CPU
		{34FFEEA0-8963-4B84-BC8A-4A3DAD05B03B}.Debug|Any CPU.Build.0 = Debug|Any CPU
		{34FFEEA0-8963-4B84-BC8A-4A3DAD05B03B}.Release|Any CPU.ActiveCfg = Release|Any CPU
		{34FFEEA0-8963-4B84-BC8A-4A3DAD05B03B}.Release|Any CPU.Build.0 = Release|Any CPU
	EndGlobalSection
	GlobalSection(SolutionProperties) = preSolution
		HideSolutionNode = FALSE
	EndGlobalSection
	GlobalSection(NestedProjects) = preSolution
		{CA2E4121-71AF-4AB5-BF41-85F384295BFA} = {3C732532-E848-4879-9939-8116BE96530A}
		{122CC486-6FAE-4FD9-9C69-24AA12B9375C} = {3C732532-E848-4879-9939-8116BE96530A}
		{A274D6F2-C773-4FE7-A603-81A90046115C} = {3C732532-E848-4879-9939-8116BE96530A}
		{64ED8E23-5D30-4477-A250-926E31BFA721} = {74FF9A81-11D9-4D89-894A-6D517B4D821A}
		{63522C84-B483-4E5E-A290-CA2831D8A3E6} = {74FF9A81-11D9-4D89-894A-6D517B4D821A}
		{D3655685-E563-461B-86A4-021AC0B10B26} = {74FF9A81-11D9-4D89-894A-6D517B4D821A}
		{60F43494-E89A-4273-8B05-BC7A6E420E13} = {EABF5568-1154-47D4-A86D-9E135A31AD10}
		{079273D1-F780-434C-9BF4-3DB585B81823} = {EABF5568-1154-47D4-A86D-9E135A31AD10}
		{DA616266-FF0E-463D-89EB-FC3C313841A6} = {EABF5568-1154-47D4-A86D-9E135A31AD10}
		{C0B3331E-B98B-407E-8EED-A497DC7907C1} = {B2467A3B-6972-493E-B8BA-DDD790911266}
		{6828D347-C24E-46F9-B1BC-4878574D6070} = {B2467A3B-6972-493E-B8BA-DDD790911266}
		{D3B068C7-DCB4-4A6B-AAF8-A392BDBAC36B} = {B2467A3B-6972-493E-B8BA-DDD790911266}
		{08773A8C-230D-4609-A3B9-83CB0384E578} = {FA1CB2EA-0CD1-4825-B674-2C9056B144B0}
		{5F5BFF90-AE09-4898-A730-D30128A3B3C3} = {FA1CB2EA-0CD1-4825-B674-2C9056B144B0}
		{BE5A8BFD-A9D8-4D32-8CC9-4ADFDF7EFC57} = {FA1CB2EA-0CD1-4825-B674-2C9056B144B0}
		{CC41D8A9-518A-456F-83A2-20A6E7CB3883} = {9F5C31BC-0862-4C65-B8CB-29FD06760E29}
		{0858E7EF-42E1-4ECC-9F38-6DC20D9D7F9A} = {9F5C31BC-0862-4C65-B8CB-29FD06760E29}
		{5EB3A927-8180-4E8A-B0BE-7ACDD54E5BAB} = {9F5C31BC-0862-4C65-B8CB-29FD06760E29}
		{4955A445-7CEE-423C-83F4-C2F18E06C2E8} = {F273B81E-2C2A-4968-B364-D1B249E6FAF9}
		{747155C9-2B19-40E3-A29F-2A4F0C8478A3} = {F273B81E-2C2A-4968-B364-D1B249E6FAF9}
		{659C3D76-A815-4F96-9E7D-E00713F9AB0E} = {F273B81E-2C2A-4968-B364-D1B249E6FAF9}
		{71D8BBAA-6428-4F8F-87C5-715C457BB09A} = {55AE8FE6-3F37-4D72-BC96-F19D866E2BA4}
		{6132328D-62DF-4C86-A03A-25B04C58FBD3} = {55AE8FE6-3F37-4D72-BC96-F19D866E2BA4}
		{34FFEEA0-8963-4B84-BC8A-4A3DAD05B03B} = {55AE8FE6-3F37-4D72-BC96-F19D866E2BA4}
	EndGlobalSection
	GlobalSection(ExtensibilityGlobals) = postSolution
		SolutionGuid = {14D16AD7-A382-4B40-9976-8990BADCEC15}
	EndGlobalSection
EndGlobal
