
Microsoft Visual Studio Solution File, Format Version 12.00
# Visual Studio Version 16
VisualStudioVersion = 16.0.33927.289
MinimumVisualStudioVersion = 10.0.40219.1
Project("{FAE04EC0-301F-11D3-BF4B-00C04F79EFBC}") = "Tyuiu.AleevRI.Sprint6.Task0.V7.Lib", "Tyuiu.AleevRI.Sprint6.Task0.V7.Lib\Tyuiu.AleevRI.Sprint6.Task0.V7.Lib.csproj", "{CA2E4121-71AF-4AB5-BF41-85F384295BFA}"
EndProject
Project("{2150E333-8FDC-42A3-9474-1A3956D46DE8}") = "Task0", "Task0", "{3C732532-E848-4879-9939-8116BE96530A}"
EndProject
Project("{FAE04EC0-301F-11D3-BF4B-00C04F79EFBC}") = "Tyuiu.AleevRI.Sprint6.Task0.V7.Test", "Tyuiu.AleevRI.Sprint6.Task0.V7.Test\Tyuiu.AleevRI.Sprint6.Task0.V7.Test.csproj", "{122CC486-6FAE-4FD9-9C69-24AA12B9375C}"
EndProject
Project("{FAE04EC0-301F-11D3-BF4B-00C04F79EFBC}") = "Tyuiu.AleevRI.Sprint6.Task0.V7", "Tyuiu.AleevRI.Sprint6.Task0.V7\Tyuiu.AleevRI.Sprint6.Task0.V7.csproj", "{A274D6F2-C773-4FE7-A603-81A90046115C}"
EndProject
Project("{2150E333-8FDC-42A3-9474-1A3956D46DE8}") = "Task1", "Task1", "{74FF9A81-11D9-4D89-894A-6D517B4D821A}"
EndProject
Project("{FAE04EC0-301F-11D3-BF4B-00C04F79EFBC}") = "Tyuiu.AleevRI.Sprint6.Task1.V5.Lib", "Tyuiu.AleevRI.Sprint6.Task1.V5.Lib\Tyuiu.AleevRI.Sprint6.Task1.V5.Lib.csproj", "{64ED8E23-5D30-4477-A250-926E31BFA721}"
EndProject
Project("{FAE04EC0-301F-11D3-BF4B-00C04F79EFBC}") = "Tyuiu.AleevRI.Sprint6.Task1.V5.Test", "Tyuiu.AleevRI.Sprint6.Task1.V5.Test\Tyuiu.AleevRI.Sprint6.Task1.V5.Test.csproj", "{63522C84-B483-4E5E-A290-CA2831D8A3E6}"
EndProject
Project("{FAE04EC0-301F-11D3-BF4B-00C04F79EFBC}") = "Tyuiu.AleevRI.Sprint6.Task1.V5", "Tyuiu.AleevRI.Sprint6.Task1.V5\Tyuiu.AleevRI.Sprint6.Task1.V5.csproj", "{D3655685-E563-461B-86A4-021AC0B10B26}"
EndProject
Project("{2150E333-8FDC-42A3-9474-1A3956D46DE8}") = "Task2", "Task2", "{EABF5568-1154-47D4-A86D-9E135A31AD10}"
EndProject
Project("{FAE04EC0-301F-11D3-BF4B-00C04F79EFBC}") = "Tyuiu.AleevRI.Sprint6.Task2.V3.Lib", "Tyuiu.AleevRI.Sprint6.Task2.V3.Lib\Tyuiu.AleevRI.Sprint6.Task2.V3.Lib.csproj", "{60F43494-E89A-4273-8B05-BC7A6E420E13}"
EndProject
Project("{FAE04EC0-301F-11D3-BF4B-00C04F79EFBC}") = "Tyuiu.AleevRI.Sprint6.Task2.V3.Test", "Tyuiu.AleevRI.Sprint6.Task2.V3.Test\Tyuiu.AleevRI.Sprint6.Task2.V3.Test.csproj", "{079273D1-F780-434C-9BF4-3DB585B81823}"
EndProject
Project("{FAE04EC0-301F-11D3-BF4B-00C04F79EFBC}") = "Tyuiu.AleevRI.Sprint6.Task2.V3", "Tyuiu.AleevRI.Sprint6.Task2.V3\Tyuiu.AleevRI.Sprint6.Task2.V3.csproj", "{DA616266-FF0E-463D-89EB-FC3C313841A6}"
EndProject
Global
	GlobalSection(SolutionConfigurationPlatforms) = preSolution
		Debug|Any CPU = Debug|Any CPU
		Release|Any CPU = Release|Any CPU
	EndGlobalSection
	GlobalSection(ProjectConfigurationPlatforms) = postSolution
		{CA2E4121-71AF-4AB5-BF41-85F384295BFA}.Debug|Any CPU.ActiveCfg = Debug|Any CPU
		{CA2E4121-71AF-4AB5-BF41-85F384295BFA}.Debug|Any CPU.Build.0 = Debug|Any CPU
		{CA2E4121-71AF-4AB5-BF41-85F384295BFA}.Release|Any CPU.ActiveCfg = Release|Any CPU
		{CA2E4121-71AF-4AB5-BF41-85F384295BFA}.Release|Any CPU.Build.0 = Release|Any CPU
		{122CC486-6FAE-4FD9-9C69-24AA12B9375C}.Debug|Any CPU.ActiveCfg = Debug|Any CPU
		{122CC486-6FAE-4FD9-9C69-24AA12B9375C}.Debug|Any CPU.Build.0 = Debug|Any CPU
		{122CC486-6FAE-4FD9-9C69-24AA12B9375C}.Release|Any CPU.ActiveCfg = Release|Any CPU
		{122CC486-6FAE-4FD9-9C69-24AA12B9375C}.Release|Any CPU.Build.0 = Release|Any CPU
		{A274D6F2-C773-4FE7-A603-81A90046115C}.Debug|Any CPU.ActiveCfg = Debug|Any CPU
		{A274D6F2-C773-4FE7-A603-81A90046115C}.Debug|Any CPU.Build.0 = Debug|Any CPU
		{A274D6F2-C773-4FE7-A603-81A90046115C}.Release|Any CPU.ActiveCfg = Release|Any CPU
		{A274D6F2-C773-4FE7-A603-81A90046115C}.Release|Any CPU.Build.0 = Release|Any CPU
		{64ED8E23-5D30-4477-A250-926E31BFA721}.Debug|Any CPU.ActiveCfg = Debug|Any CPU
		{64ED8E23-5D30-4477-A250-926E31BFA721}.Debug|Any CPU.Build.0 = Debug|Any CPU
		{64ED8E23-5D30-4477-A250-926E31BFA721}.Release|Any CPU.ActiveCfg = Release|Any CPU
		{64ED8E23-5D30-4477-A250-926E31BFA721}.Release|Any CPU.Build.0 = Release|Any CPU
		{63522C84-B483-4E5E-A290-CA2831D8A3E6}.Debug|Any CPU.ActiveCfg = Debug|Any CPU
		{63522C84-B483-4E5E-A290-CA2831D8A3E6}.Debug|Any CPU.Build.0 = Debug|Any CPU
		{63522C84-B483-4E5E-A290-CA2831D8A3E6}.Release|Any CPU.ActiveCfg = Release|Any CPU
		{63522C84-B483-4E5E-A290-CA2831D8A3E6}.Release|Any CPU.Build.0 = Release|Any CPU
		{D3655685-E563-461B-86A4-021AC0B10B26}.Debug|Any CPU.ActiveCfg = Debug|Any CPU
		{D3655685-E563-461B-86A4-021AC0B10B26}.Debug|Any CPU.Build.0 = Debug|Any CPU
		{D3655685-E563-461B-86A4-021AC0B10B26}.Release|Any CPU.ActiveCfg = Release|Any CPU
		{D3655685-E563-461B-86A4-021AC0B10B26}.Release|Any CPU.Build.0 = Release|Any CPU
		{60F43494-E89A-4273-8B05-BC7A6E420E13}.Debug|Any CPU.ActiveCfg = Debug|Any CPU
		{60F43494-E89A-4273-8B05-BC7A6E420E13}.Debug|Any CPU.Build.0 = Debug|Any CPU
		{60F43494-E89A-4273-8B05-BC7A6E420E13}.Release|Any CPU.ActiveCfg = Release|Any CPU
		{60F43494-E89A-4273-8B05-BC7A6E420E13}.Release|Any CPU.Build.0 = Release|Any CPU
		{079273D1-F780-434C-9BF4-3DB585B81823}.Debug|Any CPU.ActiveCfg = Debug|Any CPU
		{079273D1-F780-434C-9BF4-3DB585B81823}.Debug|Any CPU.Build.0 = Debug|Any CPU
		{079273D1-F780-434C-9BF4-3DB585B81823}.Release|Any CPU.ActiveCfg = Release|Any CPU
		{079273D1-F780-434C-9BF4-3DB585B81823}.Release|Any CPU.Build.0 = Release|Any CPU
		{DA616266-FF0E-463D-89EB-FC3C313841A6}.Debug|Any CPU.ActiveCfg = Debug|Any CPU
		{DA616266-FF0E-463D-89EB-FC3C313841A6}.Debug|Any CPU.Build.0 = Debug|Any CPU
		{DA616266-FF0E-463D-89EB-FC3C313841A6}.Release|Any CPU.ActiveCfg = Release|Any CPU
		{DA616266-FF0E-463D-89EB-FC3C313841A6}.Release|Any CPU.Build.0 = Release|Any CPU
	EndGlobalSection
	GlobalSection(SolutionProperties) = preSolution
		HideSolutionNode = FALSE
	EndGlobalSection
	GlobalSection(NestedProjects) = preSolution
		{CA2E4121-71AF-4AB5-BF41-85F384295BFA} = {3C732532-E848-4879-9939-8116BE96530A}
		{122CC486-6FAE-4FD9-9C69-24AA12B9375C} = {3C732532-E848-4879-9939-8116BE96530A}
		{A274D6F2-C773-4FE7-A603-81A90046115C} = {3C732532-E848-4879-9939-8116BE96530A}
		{64ED8E23-5D30-4477-A250-926E31BFA721} = {74FF9A81-11D9-4D89-894A-6D517B4D821A}
		{63522C84-B483-4E5E-A290-CA2831D8A3E6} = {74FF9A81-11D9-4D89-894A-6D517B4D821A}
		{D3655685-E563-461B-86A4-021AC0B10B26} = {74FF9A81-11D9-4D89-894A-6D517B4D821A}
		{60F43494-E89A-4273-8B05-BC7A6E420E13} = {EABF5568-1154-47D4-A86D-9E135A31AD10}
		{079273D1-F780-434C-9BF4-3DB585B81823} = {EABF5568-1154-47D4-A86D-9E135A31AD10}
		{DA616266-FF0E-463D-89EB-FC3C313841A6} = {EABF5568-1154-47D4-A86D-9E135A31AD10}
	EndGlobalSection
	GlobalSection(ExtensibilityGlobals) = postSolution
		SolutionGuid = {14D16AD7-A382-4B40-9976-8990BADCEC15}
	EndGlobalSection
EndGlobal
